
Microsoft Visual Studio Solution File, Format Version 12.00
# Visual Studio Version 16
VisualStudioVersion = 16.0.30406.217
MinimumVisualStudioVersion = 10.0.40219.1
Project("{9A19103F-16F7-4668-BE54-9A1E7A4F7556}") = "Transport.WebAPI", "Transport.WebAPI\Transport.WebAPI.csproj", "{D77F022B-A198-480F-81CF-2086FEA3779B}"
EndProject
Project("{9A19103F-16F7-4668-BE54-9A1E7A4F7556}") = "Transport.Model", "Transport.Model\Transport.Model.csproj", "{7A8D83E9-4410-417F-8392-E1CCDC42DCE4}"
EndProject
Project("{2150E333-8FDC-42A3-9474-1A3956D46DE8}") = "UI", "UI", "{D4C16FD2-DE3F-428A-8EAC-943740F50350}"
EndProject
Project("{FAE04EC0-301F-11D3-BF4B-00C04F79EFBC}") = "Transport.WinUI", "Transport.WinUI\Transport.WinUI.csproj", "{9F5D9703-4FA8-498B-AED1-9EDD3C2AC709}"
EndProject
Project("{2150E333-8FDC-42A3-9474-1A3956D46DE8}") = "Transport.Mobile", "Transport.Mobile", "{D23993BE-7F02-406F-B8E5-262760C0C4A6}"
EndProject
Project("{FAE04EC0-301F-11D3-BF4B-00C04F79EFBC}") = "Transport.MobileApplication.Android", "Transport.MobileAplication\Transport.MobileAplication.Android\Transport.MobileApplication.Android.csproj", "{24CE3C36-16B9-426D-AA0C-5961ECF8D88C}"
EndProject
Project("{FAE04EC0-301F-11D3-BF4B-00C04F79EFBC}") = "Transport.MobileApplication.iOS", "Transport.MobileAplication\Transport.MobileAplication.iOS\Transport.MobileApplication.iOS.csproj", "{348054EA-F629-4C85-8F8C-29844FA8B5F2}"
EndProject
Project("{FAE04EC0-301F-11D3-BF4B-00C04F79EFBC}") = "Transport.MobileApplication.UWP", "Transport.MobileAplication\Transport.MobileAplication.UWP\Transport.MobileApplication.UWP.csproj", "{D6A0030B-B370-4206-91FE-40D942AEA41F}"
EndProject
Project("{9A19103F-16F7-4668-BE54-9A1E7A4F7556}") = "Transport.MobileApplication", "Transport.MobileAplication\Transport.MobileAplication\Transport.MobileApplication.csproj", "{26E692E4-8EC6-4C71-AF90-D33F6AB91ED7}"
EndProject
Global
	GlobalSection(SolutionConfigurationPlatforms) = preSolution
		Debug|Any CPU = Debug|Any CPU
		Debug|ARM = Debug|ARM
		Debug|iPhone = Debug|iPhone
		Debug|iPhoneSimulator = Debug|iPhoneSimulator
		Debug|x64 = Debug|x64
		Debug|x86 = Debug|x86
		Release|Any CPU = Release|Any CPU
		Release|ARM = Release|ARM
		Release|iPhone = Release|iPhone
		Release|iPhoneSimulator = Release|iPhoneSimulator
		Release|x64 = Release|x64
		Release|x86 = Release|x86
	EndGlobalSection
	GlobalSection(ProjectConfigurationPlatforms) = postSolution
		{D77F022B-A198-480F-81CF-2086FEA3779B}.Debug|Any CPU.ActiveCfg = Debug|Any CPU
		{D77F022B-A198-480F-81CF-2086FEA3779B}.Debug|Any CPU.Build.0 = Debug|Any CPU
		{D77F022B-A198-480F-81CF-2086FEA3779B}.Debug|ARM.ActiveCfg = Debug|Any CPU
		{D77F022B-A198-480F-81CF-2086FEA3779B}.Debug|ARM.Build.0 = Debug|Any CPU
		{D77F022B-A198-480F-81CF-2086FEA3779B}.Debug|iPhone.ActiveCfg = Debug|Any CPU
		{D77F022B-A198-480F-81CF-2086FEA3779B}.Debug|iPhone.Build.0 = Debug|Any CPU
		{D77F022B-A198-480F-81CF-2086FEA3779B}.Debug|iPhoneSimulator.ActiveCfg = Debug|Any CPU
		{D77F022B-A198-480F-81CF-2086FEA3779B}.Debug|iPhoneSimulator.Build.0 = Debug|Any CPU
		{D77F022B-A198-480F-81CF-2086FEA3779B}.Debug|x64.ActiveCfg = Debug|Any CPU
		{D77F022B-A198-480F-81CF-2086FEA3779B}.Debug|x64.Build.0 = Debug|Any CPU
		{D77F022B-A198-480F-81CF-2086FEA3779B}.Debug|x86.ActiveCfg = Debug|Any CPU
		{D77F022B-A198-480F-81CF-2086FEA3779B}.Debug|x86.Build.0 = Debug|Any CPU
		{D77F022B-A198-480F-81CF-2086FEA3779B}.Release|Any CPU.ActiveCfg = Release|Any CPU
		{D77F022B-A198-480F-81CF-2086FEA3779B}.Release|Any CPU.Build.0 = Release|Any CPU
		{D77F022B-A198-480F-81CF-2086FEA3779B}.Release|ARM.ActiveCfg = Release|Any CPU
		{D77F022B-A198-480F-81CF-2086FEA3779B}.Release|ARM.Build.0 = Release|Any CPU
		{D77F022B-A198-480F-81CF-2086FEA3779B}.Release|iPhone.ActiveCfg = Release|Any CPU
		{D77F022B-A198-480F-81CF-2086FEA3779B}.Release|iPhone.Build.0 = Release|Any CPU
		{D77F022B-A198-480F-81CF-2086FEA3779B}.Release|iPhoneSimulator.ActiveCfg = Release|Any CPU
		{D77F022B-A198-480F-81CF-2086FEA3779B}.Release|iPhoneSimulator.Build.0 = Release|Any CPU
		{D77F022B-A198-480F-81CF-2086FEA3779B}.Release|x64.ActiveCfg = Release|Any CPU
		{D77F022B-A198-480F-81CF-2086FEA3779B}.Release|x64.Build.0 = Release|Any CPU
		{D77F022B-A198-480F-81CF-2086FEA3779B}.Release|x86.ActiveCfg = Release|Any CPU
		{D77F022B-A198-480F-81CF-2086FEA3779B}.Release|x86.Build.0 = Release|Any CPU
		{7A8D83E9-4410-417F-8392-E1CCDC42DCE4}.Debug|Any CPU.ActiveCfg = Debug|Any CPU
		{7A8D83E9-4410-417F-8392-E1CCDC42DCE4}.Debug|Any CPU.Build.0 = Debug|Any CPU
		{7A8D83E9-4410-417F-8392-E1CCDC42DCE4}.Debug|ARM.ActiveCfg = Debug|Any CPU
		{7A8D83E9-4410-417F-8392-E1CCDC42DCE4}.Debug|ARM.Build.0 = Debug|Any CPU
		{7A8D83E9-4410-417F-8392-E1CCDC42DCE4}.Debug|iPhone.ActiveCfg = Debug|Any CPU
		{7A8D83E9-4410-417F-8392-E1CCDC42DCE4}.Debug|iPhone.Build.0 = Debug|Any CPU
		{7A8D83E9-4410-417F-8392-E1CCDC42DCE4}.Debug|iPhoneSimulator.ActiveCfg = Debug|Any CPU
		{7A8D83E9-4410-417F-8392-E1CCDC42DCE4}.Debug|iPhoneSimulator.Build.0 = Debug|Any CPU
		{7A8D83E9-4410-417F-8392-E1CCDC42DCE4}.Debug|x64.ActiveCfg = Debug|Any CPU
		{7A8D83E9-4410-417F-8392-E1CCDC42DCE4}.Debug|x64.Build.0 = Debug|Any CPU
		{7A8D83E9-4410-417F-8392-E1CCDC42DCE4}.Debug|x86.ActiveCfg = Debug|Any CPU
		{7A8D83E9-4410-417F-8392-E1CCDC42DCE4}.Debug|x86.Build.0 = Debug|Any CPU
		{7A8D83E9-4410-417F-8392-E1CCDC42DCE4}.Release|Any CPU.ActiveCfg = Release|Any CPU
		{7A8D83E9-4410-417F-8392-E1CCDC42DCE4}.Release|Any CPU.Build.0 = Release|Any CPU
		{7A8D83E9-4410-417F-8392-E1CCDC42DCE4}.Release|ARM.ActiveCfg = Release|Any CPU
		{7A8D83E9-4410-417F-8392-E1CCDC42DCE4}.Release|ARM.Build.0 = Release|Any CPU
		{7A8D83E9-4410-417F-8392-E1CCDC42DCE4}.Release|iPhone.ActiveCfg = Release|Any CPU
		{7A8D83E9-4410-417F-8392-E1CCDC42DCE4}.Release|iPhone.Build.0 = Release|Any CPU
		{7A8D83E9-4410-417F-8392-E1CCDC42DCE4}.Release|iPhoneSimulator.ActiveCfg = Release|Any CPU
		{7A8D83E9-4410-417F-8392-E1CCDC42DCE4}.Release|iPhoneSimulator.Build.0 = Release|Any CPU
		{7A8D83E9-4410-417F-8392-E1CCDC42DCE4}.Release|x64.ActiveCfg = Release|Any CPU
		{7A8D83E9-4410-417F-8392-E1CCDC42DCE4}.Release|x64.Build.0 = Release|Any CPU
		{7A8D83E9-4410-417F-8392-E1CCDC42DCE4}.Release|x86.ActiveCfg = Release|Any CPU
		{7A8D83E9-4410-417F-8392-E1CCDC42DCE4}.Release|x86.Build.0 = Release|Any CPU
		{9F5D9703-4FA8-498B-AED1-9EDD3C2AC709}.Debug|Any CPU.ActiveCfg = Debug|Any CPU
		{9F5D9703-4FA8-498B-AED1-9EDD3C2AC709}.Debug|Any CPU.Build.0 = Debug|Any CPU
		{9F5D9703-4FA8-498B-AED1-9EDD3C2AC709}.Debug|ARM.ActiveCfg = Debug|Any CPU
		{9F5D9703-4FA8-498B-AED1-9EDD3C2AC709}.Debug|ARM.Build.0 = Debug|Any CPU
		{9F5D9703-4FA8-498B-AED1-9EDD3C2AC709}.Debug|iPhone.ActiveCfg = Debug|Any CPU
		{9F5D9703-4FA8-498B-AED1-9EDD3C2AC709}.Debug|iPhone.Build.0 = Debug|Any CPU
		{9F5D9703-4FA8-498B-AED1-9EDD3C2AC709}.Debug|iPhoneSimulator.ActiveCfg = Debug|Any CPU
		{9F5D9703-4FA8-498B-AED1-9EDD3C2AC709}.Debug|iPhoneSimulator.Build.0 = Debug|Any CPU
		{9F5D9703-4FA8-498B-AED1-9EDD3C2AC709}.Debug|x64.ActiveCfg = Debug|Any CPU
		{9F5D9703-4FA8-498B-AED1-9EDD3C2AC709}.Debug|x64.Build.0 = Debug|Any CPU
		{9F5D9703-4FA8-498B-AED1-9EDD3C2AC709}.Debug|x86.ActiveCfg = Debug|Any CPU
		{9F5D9703-4FA8-498B-AED1-9EDD3C2AC709}.Debug|x86.Build.0 = Debug|Any CPU
		{9F5D9703-4FA8-498B-AED1-9EDD3C2AC709}.Release|Any CPU.ActiveCfg = Release|Any CPU
		{9F5D9703-4FA8-498B-AED1-9EDD3C2AC709}.Release|Any CPU.Build.0 = Release|Any CPU
		{9F5D9703-4FA8-498B-AED1-9EDD3C2AC709}.Release|ARM.ActiveCfg = Release|Any CPU
		{9F5D9703-4FA8-498B-AED1-9EDD3C2AC709}.Release|ARM.Build.0 = Release|Any CPU
		{9F5D9703-4FA8-498B-AED1-9EDD3C2AC709}.Release|iPhone.ActiveCfg = Release|Any CPU
		{9F5D9703-4FA8-498B-AED1-9EDD3C2AC709}.Release|iPhone.Build.0 = Release|Any CPU
		{9F5D9703-4FA8-498B-AED1-9EDD3C2AC709}.Release|iPhoneSimulator.ActiveCfg = Release|Any CPU
		{9F5D9703-4FA8-498B-AED1-9EDD3C2AC709}.Release|iPhoneSimulator.Build.0 = Release|Any CPU
		{9F5D9703-4FA8-498B-AED1-9EDD3C2AC709}.Release|x64.ActiveCfg = Release|Any CPU
		{9F5D9703-4FA8-498B-AED1-9EDD3C2AC709}.Release|x64.Build.0 = Release|Any CPU
		{9F5D9703-4FA8-498B-AED1-9EDD3C2AC709}.Release|x86.ActiveCfg = Release|Any CPU
		{9F5D9703-4FA8-498B-AED1-9EDD3C2AC709}.Release|x86.Build.0 = Release|Any CPU
		{24CE3C36-16B9-426D-AA0C-5961ECF8D88C}.Debug|Any CPU.ActiveCfg = Debug|Any CPU
		{24CE3C36-16B9-426D-AA0C-5961ECF8D88C}.Debug|Any CPU.Build.0 = Debug|Any CPU
		{24CE3C36-16B9-426D-AA0C-5961ECF8D88C}.Debug|Any CPU.Deploy.0 = Debug|Any CPU
		{24CE3C36-16B9-426D-AA0C-5961ECF8D88C}.Debug|ARM.ActiveCfg = Debug|Any CPU
		{24CE3C36-16B9-426D-AA0C-5961ECF8D88C}.Debug|ARM.Build.0 = Debug|Any CPU
		{24CE3C36-16B9-426D-AA0C-5961ECF8D88C}.Debug|ARM.Deploy.0 = Debug|Any CPU
		{24CE3C36-16B9-426D-AA0C-5961ECF8D88C}.Debug|iPhone.ActiveCfg = Debug|Any CPU
		{24CE3C36-16B9-426D-AA0C-5961ECF8D88C}.Debug|iPhone.Build.0 = Debug|Any CPU
		{24CE3C36-16B9-426D-AA0C-5961ECF8D88C}.Debug|iPhone.Deploy.0 = Debug|Any CPU
		{24CE3C36-16B9-426D-AA0C-5961ECF8D88C}.Debug|iPhoneSimulator.ActiveCfg = Debug|Any CPU
		{24CE3C36-16B9-426D-AA0C-5961ECF8D88C}.Debug|iPhoneSimulator.Build.0 = Debug|Any CPU
		{24CE3C36-16B9-426D-AA0C-5961ECF8D88C}.Debug|iPhoneSimulator.Deploy.0 = Debug|Any CPU
		{24CE3C36-16B9-426D-AA0C-5961ECF8D88C}.Debug|x64.ActiveCfg = Debug|Any CPU
		{24CE3C36-16B9-426D-AA0C-5961ECF8D88C}.Debug|x64.Build.0 = Debug|Any CPU
		{24CE3C36-16B9-426D-AA0C-5961ECF8D88C}.Debug|x64.Deploy.0 = Debug|Any CPU
		{24CE3C36-16B9-426D-AA0C-5961ECF8D88C}.Debug|x86.ActiveCfg = Debug|Any CPU
		{24CE3C36-16B9-426D-AA0C-5961ECF8D88C}.Debug|x86.Build.0 = Debug|Any CPU
		{24CE3C36-16B9-426D-AA0C-5961ECF8D88C}.Debug|x86.Deploy.0 = Debug|Any CPU
		{24CE3C36-16B9-426D-AA0C-5961ECF8D88C}.Release|Any CPU.ActiveCfg = Release|Any CPU
		{24CE3C36-16B9-426D-AA0C-5961ECF8D88C}.Release|Any CPU.Build.0 = Release|Any CPU
		{24CE3C36-16B9-426D-AA0C-5961ECF8D88C}.Release|Any CPU.Deploy.0 = Release|Any CPU
		{24CE3C36-16B9-426D-AA0C-5961ECF8D88C}.Release|ARM.ActiveCfg = Release|Any CPU
		{24CE3C36-16B9-426D-AA0C-5961ECF8D88C}.Release|ARM.Build.0 = Release|Any CPU
		{24CE3C36-16B9-426D-AA0C-5961ECF8D88C}.Release|ARM.Deploy.0 = Release|Any CPU
		{24CE3C36-16B9-426D-AA0C-5961ECF8D88C}.Release|iPhone.ActiveCfg = Release|Any CPU
		{24CE3C36-16B9-426D-AA0C-5961ECF8D88C}.Release|iPhone.Build.0 = Release|Any CPU
		{24CE3C36-16B9-426D-AA0C-5961ECF8D88C}.Release|iPhone.Deploy.0 = Release|Any CPU
		{24CE3C36-16B9-426D-AA0C-5961ECF8D88C}.Release|iPhoneSimulator.ActiveCfg = Release|Any CPU
		{24CE3C36-16B9-426D-AA0C-5961ECF8D88C}.Release|iPhoneSimulator.Build.0 = Release|Any CPU
		{24CE3C36-16B9-426D-AA0C-5961ECF8D88C}.Release|iPhoneSimulator.Deploy.0 = Release|Any CPU
		{24CE3C36-16B9-426D-AA0C-5961ECF8D88C}.Release|x64.ActiveCfg = Release|Any CPU
		{24CE3C36-16B9-426D-AA0C-5961ECF8D88C}.Release|x64.Build.0 = Release|Any CPU
		{24CE3C36-16B9-426D-AA0C-5961ECF8D88C}.Release|x64.Deploy.0 = Release|Any CPU
		{24CE3C36-16B9-426D-AA0C-5961ECF8D88C}.Release|x86.ActiveCfg = Release|Any CPU
		{24CE3C36-16B9-426D-AA0C-5961ECF8D88C}.Release|x86.Build.0 = Release|Any CPU
		{24CE3C36-16B9-426D-AA0C-5961ECF8D88C}.Release|x86.Deploy.0 = Release|Any CPU
		{348054EA-F629-4C85-8F8C-29844FA8B5F2}.Debug|Any CPU.ActiveCfg = Debug|iPhone
		{348054EA-F629-4C85-8F8C-29844FA8B5F2}.Debug|Any CPU.Build.0 = Debug|iPhone
		{348054EA-F629-4C85-8F8C-29844FA8B5F2}.Debug|ARM.ActiveCfg = Debug|iPhone
		{348054EA-F629-4C85-8F8C-29844FA8B5F2}.Debug|iPhone.ActiveCfg = Debug|iPhone
		{348054EA-F629-4C85-8F8C-29844FA8B5F2}.Debug|iPhone.Build.0 = Debug|iPhone
		{348054EA-F629-4C85-8F8C-29844FA8B5F2}.Debug|iPhoneSimulator.ActiveCfg = Debug|iPhoneSimulator
		{348054EA-F629-4C85-8F8C-29844FA8B5F2}.Debug|iPhoneSimulator.Build.0 = Debug|iPhoneSimulator
		{348054EA-F629-4C85-8F8C-29844FA8B5F2}.Debug|x64.ActiveCfg = Debug|iPhone
		{348054EA-F629-4C85-8F8C-29844FA8B5F2}.Debug|x86.ActiveCfg = Debug|iPhone
		{348054EA-F629-4C85-8F8C-29844FA8B5F2}.Release|Any CPU.ActiveCfg = Release|iPhone
		{348054EA-F629-4C85-8F8C-29844FA8B5F2}.Release|ARM.ActiveCfg = Release|iPhone
		{348054EA-F629-4C85-8F8C-29844FA8B5F2}.Release|iPhone.ActiveCfg = Release|iPhone
		{348054EA-F629-4C85-8F8C-29844FA8B5F2}.Release|iPhone.Build.0 = Release|iPhone
		{348054EA-F629-4C85-8F8C-29844FA8B5F2}.Release|iPhoneSimulator.ActiveCfg = Release|iPhoneSimulator
		{348054EA-F629-4C85-8F8C-29844FA8B5F2}.Release|iPhoneSimulator.Build.0 = Release|iPhoneSimulator
		{348054EA-F629-4C85-8F8C-29844FA8B5F2}.Release|x64.ActiveCfg = Release|iPhone
		{348054EA-F629-4C85-8F8C-29844FA8B5F2}.Release|x86.ActiveCfg = Release|iPhone
		{D6A0030B-B370-4206-91FE-40D942AEA41F}.Debug|Any CPU.ActiveCfg = Debug|x86
		{D6A0030B-B370-4206-91FE-40D942AEA41F}.Debug|Any CPU.Build.0 = Debug|x86
		{D6A0030B-B370-4206-91FE-40D942AEA41F}.Debug|Any CPU.Deploy.0 = Debug|x86
		{D6A0030B-B370-4206-91FE-40D942AEA41F}.Debug|ARM.ActiveCfg = Debug|ARM
		{D6A0030B-B370-4206-91FE-40D942AEA41F}.Debug|ARM.Build.0 = Debug|ARM
		{D6A0030B-B370-4206-91FE-40D942AEA41F}.Debug|ARM.Deploy.0 = Debug|ARM
		{D6A0030B-B370-4206-91FE-40D942AEA41F}.Debug|iPhone.ActiveCfg = Debug|x86
		{D6A0030B-B370-4206-91FE-40D942AEA41F}.Debug|iPhone.Build.0 = Debug|x86
		{D6A0030B-B370-4206-91FE-40D942AEA41F}.Debug|iPhone.Deploy.0 = Debug|x86
		{D6A0030B-B370-4206-91FE-40D942AEA41F}.Debug|iPhoneSimulator.ActiveCfg = Debug|x86
		{D6A0030B-B370-4206-91FE-40D942AEA41F}.Debug|x64.ActiveCfg = Debug|x64
		{D6A0030B-B370-4206-91FE-40D942AEA41F}.Debug|x64.Build.0 = Debug|x64
		{D6A0030B-B370-4206-91FE-40D942AEA41F}.Debug|x64.Deploy.0 = Debug|x64
		{D6A0030B-B370-4206-91FE-40D942AEA41F}.Debug|x86.ActiveCfg = Debug|x86
		{D6A0030B-B370-4206-91FE-40D942AEA41F}.Debug|x86.Build.0 = Debug|x86
		{D6A0030B-B370-4206-91FE-40D942AEA41F}.Debug|x86.Deploy.0 = Debug|x86
		{D6A0030B-B370-4206-91FE-40D942AEA41F}.Release|Any CPU.ActiveCfg = Release|x86
		{D6A0030B-B370-4206-91FE-40D942AEA41F}.Release|ARM.ActiveCfg = Release|ARM
		{D6A0030B-B370-4206-91FE-40D942AEA41F}.Release|ARM.Build.0 = Release|ARM
		{D6A0030B-B370-4206-91FE-40D942AEA41F}.Release|ARM.Deploy.0 = Release|ARM
		{D6A0030B-B370-4206-91FE-40D942AEA41F}.Release|iPhone.ActiveCfg = Release|x86
		{D6A0030B-B370-4206-91FE-40D942AEA41F}.Release|iPhoneSimulator.ActiveCfg = Release|x86
		{D6A0030B-B370-4206-91FE-40D942AEA41F}.Release|x64.ActiveCfg = Release|x64
		{D6A0030B-B370-4206-91FE-40D942AEA41F}.Release|x64.Build.0 = Release|x64
		{D6A0030B-B370-4206-91FE-40D942AEA41F}.Release|x64.Deploy.0 = Release|x64
		{D6A0030B-B370-4206-91FE-40D942AEA41F}.Release|x86.ActiveCfg = Release|x86
		{D6A0030B-B370-4206-91FE-40D942AEA41F}.Release|x86.Build.0 = Release|x86
		{D6A0030B-B370-4206-91FE-40D942AEA41F}.Release|x86.Deploy.0 = Release|x86
		{26E692E4-8EC6-4C71-AF90-D33F6AB91ED7}.Debug|Any CPU.ActiveCfg = Debug|Any CPU
		{26E692E4-8EC6-4C71-AF90-D33F6AB91ED7}.Debug|Any CPU.Build.0 = Debug|Any CPU
		{26E692E4-8EC6-4C71-AF90-D33F6AB91ED7}.Debug|ARM.ActiveCfg = Debug|Any CPU
		{26E692E4-8EC6-4C71-AF90-D33F6AB91ED7}.Debug|ARM.Build.0 = Debug|Any CPU
		{26E692E4-8EC6-4C71-AF90-D33F6AB91ED7}.Debug|iPhone.ActiveCfg = Debug|Any CPU
		{26E692E4-8EC6-4C71-AF90-D33F6AB91ED7}.Debug|iPhone.Build.0 = Debug|Any CPU
		{26E692E4-8EC6-4C71-AF90-D33F6AB91ED7}.Debug|iPhoneSimulator.ActiveCfg = Debug|Any CPU
		{26E692E4-8EC6-4C71-AF90-D33F6AB91ED7}.Debug|iPhoneSimulator.Build.0 = Debug|Any CPU
		{26E692E4-8EC6-4C71-AF90-D33F6AB91ED7}.Debug|x64.ActiveCfg = Debug|Any CPU
		{26E692E4-8EC6-4C71-AF90-D33F6AB91ED7}.Debug|x64.Build.0 = Debug|Any CPU
		{26E692E4-8EC6-4C71-AF90-D33F6AB91ED7}.Debug|x86.ActiveCfg = Debug|Any CPU
		{26E692E4-8EC6-4C71-AF90-D33F6AB91ED7}.Debug|x86.Build.0 = Debug|Any CPU
		{26E692E4-8EC6-4C71-AF90-D33F6AB91ED7}.Release|Any CPU.ActiveCfg = Release|Any CPU
		{26E692E4-8EC6-4C71-AF90-D33F6AB91ED7}.Release|Any CPU.Build.0 = Release|Any CPU
		{26E692E4-8EC6-4C71-AF90-D33F6AB91ED7}.Release|ARM.ActiveCfg = Release|Any CPU
		{26E692E4-8EC6-4C71-AF90-D33F6AB91ED7}.Release|ARM.Build.0 = Release|Any CPU
		{26E692E4-8EC6-4C71-AF90-D33F6AB91ED7}.Release|iPhone.ActiveCfg = Release|Any CPU
		{26E692E4-8EC6-4C71-AF90-D33F6AB91ED7}.Release|iPhone.Build.0 = Release|Any CPU
		{26E692E4-8EC6-4C71-AF90-D33F6AB91ED7}.Release|iPhoneSimulator.ActiveCfg = Release|Any CPU
		{26E692E4-8EC6-4C71-AF90-D33F6AB91ED7}.Release|iPhoneSimulator.Build.0 = Release|Any CPU
		{26E692E4-8EC6-4C71-AF90-D33F6AB91ED7}.Release|x64.ActiveCfg = Release|Any CPU
		{26E692E4-8EC6-4C71-AF90-D33F6AB91ED7}.Release|x64.Build.0 = Release|Any CPU
		{26E692E4-8EC6-4C71-AF90-D33F6AB91ED7}.Release|x86.ActiveCfg = Release|Any CPU
		{26E692E4-8EC6-4C71-AF90-D33F6AB91ED7}.Release|x86.Build.0 = Release|Any CPU
	EndGlobalSection
	GlobalSection(SolutionProperties) = preSolution
		HideSolutionNode = FALSE
	EndGlobalSection
	GlobalSection(NestedProjects) = preSolution
		{9F5D9703-4FA8-498B-AED1-9EDD3C2AC709} = {D4C16FD2-DE3F-428A-8EAC-943740F50350}
		{24CE3C36-16B9-426D-AA0C-5961ECF8D88C} = {D23993BE-7F02-406F-B8E5-262760C0C4A6}
		{348054EA-F629-4C85-8F8C-29844FA8B5F2} = {D23993BE-7F02-406F-B8E5-262760C0C4A6}
		{D6A0030B-B370-4206-91FE-40D942AEA41F} = {D23993BE-7F02-406F-B8E5-262760C0C4A6}
		{26E692E4-8EC6-4C71-AF90-D33F6AB91ED7} = {D23993BE-7F02-406F-B8E5-262760C0C4A6}
	EndGlobalSection
	GlobalSection(ExtensibilityGlobals) = postSolution
		SolutionGuid = {FA690916-DC16-4A22-B109-55C52790DD51}
	EndGlobalSection
EndGlobal
